// !$*UTF8*$!
{
	archiveVersion = 1;
	classes = {
	};
	objectVersion = 46;
	objects = {

/* Begin PBXBuildFile section */
		4FF189A21C4FF58900A32991 /* AppDelegate.swift in Sources */ = {isa = PBXBuildFile; fileRef = 4FF189A11C4FF58900A32991 /* AppDelegate.swift */; };
		4FF189A41C4FF58900A32991 /* ViewController.swift in Sources */ = {isa = PBXBuildFile; fileRef = 4FF189A31C4FF58900A32991 /* ViewController.swift */; };
		4FF189A71C4FF58900A32991 /* Main.storyboard in Resources */ = {isa = PBXBuildFile; fileRef = 4FF189A51C4FF58900A32991 /* Main.storyboard */; };
		4FF189A91C4FF58900A32991 /* Assets.xcassets in Resources */ = {isa = PBXBuildFile; fileRef = 4FF189A81C4FF58900A32991 /* Assets.xcassets */; };
		4FF189AC1C4FF58900A32991 /* LaunchScreen.storyboard in Resources */ = {isa = PBXBuildFile; fileRef = 4FF189AA1C4FF58900A32991 /* LaunchScreen.storyboard */; };
		4FF189B71C4FF58900A32991 /* CollegeProfileTests.swift in Sources */ = {isa = PBXBuildFile; fileRef = 4FF189B61C4FF58900A32991 /* CollegeProfileTests.swift */; };
		4FF189C21C4FF58900A32991 /* CollegeProfileUITests.swift in Sources */ = {isa = PBXBuildFile; fileRef = 4FF189C11C4FF58900A32991 /* CollegeProfileUITests.swift */; };
		4FF189D01C4FFA1400A32991 /* College.swift in Sources */ = {isa = PBXBuildFile; fileRef = 4FF189CF1C4FFA1400A32991 /* College.swift */; };
		4FF189D21C5260B900A32991 /* DetailViewController.swift in Sources */ = {isa = PBXBuildFile; fileRef = 4FF189D11C5260B800A32991 /* DetailViewController.swift */; };
/* End PBXBuildFile section */

/* Begin PBXContainerItemProxy section */
		4FF189B31C4FF58900A32991 /* PBXContainerItemProxy */ = {
			isa = PBXContainerItemProxy;
			containerPortal = 4FF189961C4FF58800A32991 /* Project object */;
			proxyType = 1;
			remoteGlobalIDString = 4FF1899D1C4FF58900A32991;
			remoteInfo = CollegeProfile;
		};
		4FF189BE1C4FF58900A32991 /* PBXContainerItemProxy */ = {
			isa = PBXContainerItemProxy;
			containerPortal = 4FF189961C4FF58800A32991 /* Project object */;
			proxyType = 1;
			remoteGlobalIDString = 4FF1899D1C4FF58900A32991;
			remoteInfo = CollegeProfile;
		};
/* End PBXContainerItemProxy section */

/* Begin PBXFileReference section */
		4FF1899E1C4FF58900A32991 /* CollegeProfile.app */ = {isa = PBXFileReference; explicitFileType = wrapper.application; includeInIndex = 0; path = CollegeProfile.app; sourceTree = BUILT_PRODUCTS_DIR; };
		4FF189A11C4FF58900A32991 /* AppDelegate.swift */ = {isa = PBXFileReference; lastKnownFileType = sourcecode.swift; path = AppDelegate.swift; sourceTree = "<group>"; };
		4FF189A31C4FF58900A32991 /* ViewController.swift */ = {isa = PBXFileReference; lastKnownFileType = sourcecode.swift; path = ViewController.swift; sourceTree = "<group>"; };
		4FF189A61C4FF58900A32991 /* Base */ = {isa = PBXFileReference; lastKnownFileType = file.storyboard; name = Base; path = Base.lproj/Main.storyboard; sourceTree = "<group>"; };
		4FF189A81C4FF58900A32991 /* Assets.xcassets */ = {isa = PBXFileReference; lastKnownFileType = folder.assetcatalog; path = Assets.xcassets; sourceTree = "<group>"; };
		4FF189AB1C4FF58900A32991 /* Base */ = {isa = PBXFileReference; lastKnownFileType = file.storyboard; name = Base; path = Base.lproj/LaunchScreen.storyboard; sourceTree = "<group>"; };
		4FF189AD1C4FF58900A32991 /* Info.plist */ = {isa = PBXFileReference; lastKnownFileType = text.plist.xml; path = Info.plist; sourceTree = "<group>"; };
		4FF189B21C4FF58900A32991 /* CollegeProfileTests.xctest */ = {isa = PBXFileReference; explicitFileType = wrapper.cfbundle; includeInIndex = 0; path = CollegeProfileTests.xctest; sourceTree = BUILT_PRODUCTS_DIR; };
		4FF189B61C4FF58900A32991 /* CollegeProfileTests.swift */ = {isa = PBXFileReference; lastKnownFileType = sourcecode.swift; path = CollegeProfileTests.swift; sourceTree = "<group>"; };
		4FF189B81C4FF58900A32991 /* Info.plist */ = {isa = PBXFileReference; lastKnownFileType = text.plist.xml; path = Info.plist; sourceTree = "<group>"; };
		4FF189BD1C4FF58900A32991 /* CollegeProfileUITests.xctest */ = {isa = PBXFileReference; explicitFileType = wrapper.cfbundle; includeInIndex = 0; path = CollegeProfileUITests.xctest; sourceTree = BUILT_PRODUCTS_DIR; };
		4FF189C11C4FF58900A32991 /* CollegeProfileUITests.swift */ = {isa = PBXFileReference; lastKnownFileType = sourcecode.swift; path = CollegeProfileUITests.swift; sourceTree = "<group>"; };
		4FF189C31C4FF58900A32991 /* Info.plist */ = {isa = PBXFileReference; lastKnownFileType = text.plist.xml; path = Info.plist; sourceTree = "<group>"; };
		4FF189CF1C4FFA1400A32991 /* College.swift */ = {isa = PBXFileReference; fileEncoding = 4; lastKnownFileType = sourcecode.swift; path = College.swift; sourceTree = "<group>"; };
		4FF189D11C5260B800A32991 /* DetailViewController.swift */ = {isa = PBXFileReference; fileEncoding = 4; lastKnownFileType = sourcecode.swift; name = DetailViewController.swift; path = ../DetailViewController.swift; sourceTree = "<group>"; };
/* End PBXFileReference section */

/* Begin PBXFrameworksBuildPhase section */
		4FF1899B1C4FF58900A32991 /* Frameworks */ = {
			isa = PBXFrameworksBuildPhase;
			buildActionMask = 2147483647;
			files = (
			);
			runOnlyForDeploymentPostprocessing = 0;
		};
		4FF189AF1C4FF58900A32991 /* Frameworks */ = {
			isa = PBXFrameworksBuildPhase;
			buildActionMask = 2147483647;
			files = (
			);
			runOnlyForDeploymentPostprocessing = 0;
		};
		4FF189BA1C4FF58900A32991 /* Frameworks */ = {
			isa = PBXFrameworksBuildPhase;
			buildActionMask = 2147483647;
			files = (
			);
			runOnlyForDeploymentPostprocessing = 0;
		};
/* End PBXFrameworksBuildPhase section */

/* Begin PBXGroup section */
		4FF189951C4FF58800A32991 = {
			isa = PBXGroup;
			children = (
				4FF189A01C4FF58900A32991 /* CollegeProfile */,
				4FF189B51C4FF58900A32991 /* CollegeProfileTests */,
				4FF189C01C4FF58900A32991 /* CollegeProfileUITests */,
				4FF1899F1C4FF58900A32991 /* Products */,
			);
			sourceTree = "<group>";
		};
		4FF1899F1C4FF58900A32991 /* Products */ = {
			isa = PBXGroup;
			children = (
				4FF1899E1C4FF58900A32991 /* CollegeProfile.app */,
				4FF189B21C4FF58900A32991 /* CollegeProfileTests.xctest */,
				4FF189BD1C4FF58900A32991 /* CollegeProfileUITests.xctest */,
			);
			name = Products;
			sourceTree = "<group>";
		};
		4FF189A01C4FF58900A32991 /* CollegeProfile */ = {
			isa = PBXGroup;
			children = (
				4FF189A11C4FF58900A32991 /* AppDelegate.swift */,
				4FF189D11C5260B800A32991 /* DetailViewController.swift */,
				4FF189A31C4FF58900A32991 /* ViewController.swift */,
				4FF189A51C4FF58900A32991 /* Main.storyboard */,
				4FF189CF1C4FFA1400A32991 /* College.swift */,
				4FF189A81C4FF58900A32991 /* Assets.xcassets */,
				4FF189AA1C4FF58900A32991 /* LaunchScreen.storyboard */,
				4FF189AD1C4FF58900A32991 /* Info.plist */,
			);
			path = CollegeProfile;
			sourceTree = "<group>";
		};
		4FF189B51C4FF58900A32991 /* CollegeProfileTests */ = {
			isa = PBXGroup;
			children = (
				4FF189B61C4FF58900A32991 /* CollegeProfileTests.swift */,
				4FF189B81C4FF58900A32991 /* Info.plist */,
			);
			path = CollegeProfileTests;
			sourceTree = "<group>";
		};
		4FF189C01C4FF58900A32991 /* CollegeProfileUITests */ = {
			isa = PBXGroup;
			children = (
				4FF189C11C4FF58900A32991 /* CollegeProfileUITests.swift */,
				4FF189C31C4FF58900A32991 /* Info.plist */,
			);
			path = CollegeProfileUITests;
			sourceTree = "<group>";
		};
/* End PBXGroup section */

/* Begin PBXNativeTarget section */
		4FF1899D1C4FF58900A32991 /* CollegeProfile */ = {
			isa = PBXNativeTarget;
			buildConfigurationList = 4FF189C61C4FF58900A32991 /* Build configuration list for PBXNativeTarget "CollegeProfile" */;
			buildPhases = (
				4FF1899A1C4FF58900A32991 /* Sources */,
				4FF1899B1C4FF58900A32991 /* Frameworks */,
				4FF1899C1C4FF58900A32991 /* Resources */,
			);
			buildRules = (
			);
			dependencies = (
			);
			name = CollegeProfile;
			productName = CollegeProfile;
			productReference = 4FF1899E1C4FF58900A32991 /* CollegeProfile.app */;
			productType = "com.apple.product-type.application";
		};
		4FF189B11C4FF58900A32991 /* CollegeProfileTests */ = {
			isa = PBXNativeTarget;
			buildConfigurationList = 4FF189C91C4FF58900A32991 /* Build configuration list for PBXNativeTarget "CollegeProfileTests" */;
			buildPhases = (
				4FF189AE1C4FF58900A32991 /* Sources */,
				4FF189AF1C4FF58900A32991 /* Frameworks */,
				4FF189B01C4FF58900A32991 /* Resources */,
			);
			buildRules = (
			);
			dependencies = (
				4FF189B41C4FF58900A32991 /* PBXTargetDependency */,
			);
			name = CollegeProfileTests;
			productName = CollegeProfileTests;
			productReference = 4FF189B21C4FF58900A32991 /* CollegeProfileTests.xctest */;
			productType = "com.apple.product-type.bundle.unit-test";
		};
		4FF189BC1C4FF58900A32991 /* CollegeProfileUITests */ = {
			isa = PBXNativeTarget;
			buildConfigurationList = 4FF189CC1C4FF58900A32991 /* Build configuration list for PBXNativeTarget "CollegeProfileUITests" */;
			buildPhases = (
				4FF189B91C4FF58900A32991 /* Sources */,
				4FF189BA1C4FF58900A32991 /* Frameworks */,
				4FF189BB1C4FF58900A32991 /* Resources */,
			);
			buildRules = (
			);
			dependencies = (
				4FF189BF1C4FF58900A32991 /* PBXTargetDependency */,
			);
			name = CollegeProfileUITests;
			productName = CollegeProfileUITests;
			productReference = 4FF189BD1C4FF58900A32991 /* CollegeProfileUITests.xctest */;
			productType = "com.apple.product-type.bundle.ui-testing";
		};
/* End PBXNativeTarget section */

/* Begin PBXProject section */
		4FF189961C4FF58800A32991 /* Project object */ = {
			isa = PBXProject;
			attributes = {
				LastSwiftUpdateCheck = 0710;
				LastUpgradeCheck = 0710;
				ORGANIZATIONNAME = "Noah Guy";
				TargetAttributes = {
					4FF1899D1C4FF58900A32991 = {
						CreatedOnToolsVersion = 7.1;
					};
					4FF189B11C4FF58900A32991 = {
						CreatedOnToolsVersion = 7.1;
						TestTargetID = 4FF1899D1C4FF58900A32991;
					};
					4FF189BC1C4FF58900A32991 = {
						CreatedOnToolsVersion = 7.1;
						TestTargetID = 4FF1899D1C4FF58900A32991;
					};
				};
			};
			buildConfigurationList = 4FF189991C4FF58800A32991 /* Build configuration list for PBXProject "CollegeProfile" */;
			compatibilityVersion = "Xcode 3.2";
			developmentRegion = English;
			hasScannedForEncodings = 0;
			knownRegions = (
				en,
				Base,
			);
			mainGroup = 4FF189951C4FF58800A32991;
			productRefGroup = 4FF1899F1C4FF58900A32991 /* Products */;
			projectDirPath = "";
			projectRoot = "";
			targets = (
				4FF1899D1C4FF58900A32991 /* CollegeProfile */,
				4FF189B11C4FF58900A32991 /* CollegeProfileTests */,
				4FF189BC1C4FF58900A32991 /* CollegeProfileUITests */,
			);
		};
/* End PBXProject section */

/* Begin PBXResourcesBuildPhase section */
		4FF1899C1C4FF58900A32991 /* Resources */ = {
			isa = PBXResourcesBuildPhase;
			buildActionMask = 2147483647;
			files = (
				4FF189AC1C4FF58900A32991 /* LaunchScreen.storyboard in Resources */,
				4FF189A91C4FF58900A32991 /* Assets.xcassets in Resources */,
				4FF189A71C4FF58900A32991 /* Main.storyboard in Resources */,
			);
			runOnlyForDeploymentPostprocessing = 0;
		};
		4FF189B01C4FF58900A32991 /* Resources */ = {
			isa = PBXResourcesBuildPhase;
			buildActionMask = 2147483647;
			files = (
			);
			runOnlyForDeploymentPostprocessing = 0;
		};
		4FF189BB1C4FF58900A32991 /* Resources */ = {
			isa = PBXResourcesBuildPhase;
			buildActionMask = 2147483647;
			files = (
			);
			runOnlyForDeploymentPostprocessing = 0;
		};
/* End PBXResourcesBuildPhase section */

/* Begin PBXSourcesBuildPhase section */
		4FF1899A1C4FF58900A32991 /* Sources */ = {
			isa = PBXSourcesBuildPhase;
			buildActionMask = 2147483647;
			files = (
				4FF189A41C4FF58900A32991 /* ViewController.swift in Sources */,
				4FF189A21C4FF58900A32991 /* AppDelegate.swift in Sources */,
				4FF189D01C4FFA1400A32991 /* College.swift in Sources */,
				4FF189D21C5260B900A32991 /* DetailViewController.swift in Sources */,
			);
			runOnlyForDeploymentPostprocessing = 0;
		};
		4FF189AE1C4FF58900A32991 /* Sources */ = {
			isa = PBXSourcesBuildPhase;
			buildActionMask = 2147483647;
			files = (
				4FF189B71C4FF58900A32991 /* CollegeProfileTests.swift in Sources */,
			);
			runOnlyForDeploymentPostprocessing = 0;
		};
		4FF189B91C4FF58900A32991 /* Sources */ = {
			isa = PBXSourcesBuildPhase;
			buildActionMask = 2147483647;
			files = (
				4FF189C21C4FF58900A32991 /* CollegeProfileUITests.swift in Sources */,
			);
			runOnlyForDeploymentPostprocessing = 0;
		};
/* End PBXSourcesBuildPhase section */

/* Begin PBXTargetDependency section */
		4FF189B41C4FF58900A32991 /* PBXTargetDependency */ = {
			isa = PBXTargetDependency;
			target = 4FF1899D1C4FF58900A32991 /* CollegeProfile */;
			targetProxy = 4FF189B31C4FF58900A32991 /* PBXContainerItemProxy */;
		};
		4FF189BF1C4FF58900A32991 /* PBXTargetDependency */ = {
			isa = PBXTargetDependency;
			target = 4FF1899D1C4FF58900A32991 /* CollegeProfile */;
			targetProxy = 4FF189BE1C4FF58900A32991 /* PBXContainerItemProxy */;
		};
/* End PBXTargetDependency section */

/* Begin PBXVariantGroup section */
		4FF189A51C4FF58900A32991 /* Main.storyboard */ = {
			isa = PBXVariantGroup;
			children = (
				4FF189A61C4FF58900A32991 /* Base */,
			);
			name = Main.storyboard;
			sourceTree = "<group>";
		};
		4FF189AA1C4FF58900A32991 /* LaunchScreen.storyboard */ = {
			isa = PBXVariantGroup;
			children = (
				4FF189AB1C4FF58900A32991 /* Base */,
			);
			name = LaunchScreen.storyboard;
			sourceTree = "<group>";
		};
/* End PBXVariantGroup section */

/* Begin XCBuildConfiguration section */
		4FF189C41C4FF58900A32991 /* Debug */ = {
			isa = XCBuildConfiguration;
			buildSettings = {
				ALWAYS_SEARCH_USER_PATHS = NO;
				CLANG_CXX_LANGUAGE_STANDARD = "gnu++0x";
				CLANG_CXX_LIBRARY = "libc++";
				CLANG_ENABLE_MODULES = YES;
				CLANG_ENABLE_OBJC_ARC = YES;
				CLANG_WARN_BOOL_CONVERSION = YES;
				CLANG_WARN_CONSTANT_CONVERSION = YES;
				CLANG_WARN_DIRECT_OBJC_ISA_USAGE = YES_ERROR;
				CLANG_WARN_EMPTY_BODY = YES;
				CLANG_WARN_ENUM_CONVERSION = YES;
				CLANG_WARN_INT_CONVERSION = YES;
				CLANG_WARN_OBJC_ROOT_CLASS = YES_ERROR;
				CLANG_WARN_UNREACHABLE_CODE = YES;
				CLANG_WARN__DUPLICATE_METHOD_MATCH = YES;
				"CODE_SIGN_IDENTITY[sdk=iphoneos*]" = "iPhone Developer";
				COPY_PHASE_STRIP = NO;
				DEBUG_INFORMATION_FORMAT = dwarf;
				ENABLE_STRICT_OBJC_MSGSEND = YES;
				ENABLE_TESTABILITY = YES;
				GCC_C_LANGUAGE_STANDARD = gnu99;
				GCC_DYNAMIC_NO_PIC = NO;
				GCC_NO_COMMON_BLOCKS = YES;
				GCC_OPTIMIZATION_LEVEL = 0;
				GCC_PREPROCESSOR_DEFINITIONS = (
					"DEBUG=1",
					"$(inherited)",
				);
				GCC_WARN_64_TO_32_BIT_CONVERSION = YES;
				GCC_WARN_ABOUT_RETURN_TYPE = YES_ERROR;
				GCC_WARN_UNDECLARED_SELECTOR = YES;
				GCC_WARN_UNINITIALIZED_AUTOS = YES_AGGRESSIVE;
				GCC_WARN_UNUSED_FUNCTION = YES;
				GCC_WARN_UNUSED_VARIABLE = YES;
				IPHONEOS_DEPLOYMENT_TARGET = 9.1;
				MTL_ENABLE_DEBUG_INFO = YES;
				ONLY_ACTIVE_ARCH = YES;
				SDKROOT = iphoneos;
				SWIFT_OPTIMIZATION_LEVEL = "-Onone";
				TARGETED_DEVICE_FAMILY = "1,2";
			};
			name = Debug;
		};
		4FF189C51C4FF58900A32991 /* Release */ = {
			isa = XCBuildConfiguration;
			buildSettings = {
				ALWAYS_SEARCH_USER_PATHS = NO;
				CLANG_CXX_LANGUAGE_STANDARD = "gnu++0x";
				CLANG_CXX_LIBRARY = "libc++";
				CLANG_ENABLE_MODULES = YES;
				CLANG_ENABLE_OBJC_ARC = YES;
				CLANG_WARN_BOOL_CONVERSION = YES;
				CLANG_WARN_CONSTANT_CONVERSION = YES;
				CLANG_WARN_DIRECT_OBJC_ISA_USAGE = YES_ERROR;
				CLANG_WARN_EMPTY_BODY = YES;
				CLANG_WARN_ENUM_CONVERSION = YES;
				CLANG_WARN_INT_CONVERSION = YES;
				CLANG_WARN_OBJC_ROOT_CLASS = YES_ERROR;
				CLANG_WARN_UNREACHABLE_CODE = YES;
				CLANG_WARN__DUPLICATE_METHOD_MATCH = YES;
				"CODE_SIGN_IDENTITY[sdk=iphoneos*]" = "iPhone Developer";
				COPY_PHASE_STRIP = NO;
				DEBUG_INFORMATION_FORMAT = "dwarf-with-dsym";
				ENABLE_NS_ASSERTIONS = NO;
				ENABLE_STRICT_OBJC_MSGSEND = YES;
				GCC_C_LANGUAGE_STANDARD = gnu99;
				GCC_NO_COMMON_BLOCKS = YES;
				GCC_WARN_64_TO_32_BIT_CONVERSION = YES;
				GCC_WARN_ABOUT_RETURN_TYPE = YES_ERROR;
				GCC_WARN_UNDECLARED_SELECTOR = YES;
				GCC_WARN_UNINITIALIZED_AUTOS = YES_AGGRESSIVE;
				GCC_WARN_UNUSED_FUNCTION = YES;
				GCC_WARN_UNUSED_VARIABLE = YES;
				IPHONEOS_DEPLOYMENT_TARGET = 9.1;
				MTL_ENABLE_DEBUG_INFO = NO;
				SDKROOT = iphoneos;
				TARGETED_DEVICE_FAMILY = "1,2";
				VALIDATE_PRODUCT = YES;
			};
			name = Release;
		};
		4FF189C71C4FF58900A32991 /* Debug */ = {
			isa = XCBuildConfiguration;
			buildSettings = {
				ASSETCATALOG_COMPILER_APPICON_NAME = AppIcon;
				INFOPLIST_FILE = CollegeProfile/Info.plist;
				LD_RUNPATH_SEARCH_PATHS = "$(inherited) @executable_path/Frameworks";
				PRODUCT_BUNDLE_IDENTIFIER = "Wololo-Productions.CollegeProfile";
				PRODUCT_NAME = "$(TARGET_NAME)";
			};
			name = Debug;
		};
		4FF189C81C4FF58900A32991 /* Release */ = {
			isa = XCBuildConfiguration;
			buildSettings = {
				ASSETCATALOG_COMPILER_APPICON_NAME = AppIcon;
				INFOPLIST_FILE = CollegeProfile/Info.plist;
				LD_RUNPATH_SEARCH_PATHS = "$(inherited) @executable_path/Frameworks";
				PRODUCT_BUNDLE_IDENTIFIER = "Wololo-Productions.CollegeProfile";
				PRODUCT_NAME = "$(TARGET_NAME)";
			};
			name = Release;
		};
		4FF189CA1C4FF58900A32991 /* Debug */ = {
			isa = XCBuildConfiguration;
			buildSettings = {
				BUNDLE_LOADER = "$(TEST_HOST)";
				INFOPLIST_FILE = CollegeProfileTests/Info.plist;
				LD_RUNPATH_SEARCH_PATHS = "$(inherited) @executable_path/Frameworks @loader_path/Frameworks";
				PRODUCT_BUNDLE_IDENTIFIER = "Wololo-Productions.CollegeProfileTests";
				PRODUCT_NAME = "$(TARGET_NAME)";
				TEST_HOST = "$(BUILT_PRODUCTS_DIR)/CollegeProfile.app/CollegeProfile";
			};
			name = Debug;
		};
		4FF189CB1C4FF58900A32991 /* Release */ = {
			isa = XCBuildConfiguration;
			buildSettings = {
				BUNDLE_LOADER = "$(TEST_HOST)";
				INFOPLIST_FILE = CollegeProfileTests/Info.plist;
				LD_RUNPATH_SEARCH_PATHS = "$(inherited) @executable_path/Frameworks @loader_path/Frameworks";
				PRODUCT_BUNDLE_IDENTIFIER = "Wololo-Productions.CollegeProfileTests";
				PRODUCT_NAME = "$(TARGET_NAME)";
				TEST_HOST = "$(BUILT_PRODUCTS_DIR)/CollegeProfile.app/CollegeProfile";
			};
			name = Release;
		};
		4FF189CD1C4FF58900A32991 /* Debug */ = {
			isa = XCBuildConfiguration;
			buildSettings = {
				INFOPLIST_FILE = CollegeProfileUITests/Info.plist;
				LD_RUNPATH_SEARCH_PATHS = "$(inherited) @executable_path/Frameworks @loader_path/Frameworks";
				PRODUCT_BUNDLE_IDENTIFIER = "Wololo-Productions.CollegeProfileUITests";
				PRODUCT_NAME = "$(TARGET_NAME)";
				TEST_TARGET_NAME = CollegeProfile;
				USES_XCTRUNNER = YES;
			};
			name = Debug;
		};
		4FF189CE1C4FF58900A32991 /* Release */ = {
			isa = XCBuildConfiguration;
			buildSettings = {
				INFOPLIST_FILE = CollegeProfileUITests/Info.plist;
				LD_RUNPATH_SEARCH_PATHS = "$(inherited) @executable_path/Frameworks @loader_path/Frameworks";
				PRODUCT_BUNDLE_IDENTIFIER = "Wololo-Productions.CollegeProfileUITests";
				PRODUCT_NAME = "$(TARGET_NAME)";
				TEST_TARGET_NAME = CollegeProfile;
				USES_XCTRUNNER = YES;
			};
			name = Release;
		};
/* End XCBuildConfiguration section */

/* Begin XCConfigurationList section */
		4FF189991C4FF58800A32991 /* Build configuration list for PBXProject "CollegeProfile" */ = {
			isa = XCConfigurationList;
			buildConfigurations = (
				4FF189C41C4FF58900A32991 /* Debug */,
				4FF189C51C4FF58900A32991 /* Release */,
			);
			defaultConfigurationIsVisible = 0;
			defaultConfigurationName = Release;
		};
		4FF189C61C4FF58900A32991 /* Build configuration list for PBXNativeTarget "CollegeProfile" */ = {
			isa = XCConfigurationList;
			buildConfigurations = (
				4FF189C71C4FF58900A32991 /* Debug */,
				4FF189C81C4FF58900A32991 /* Release */,
			);
			defaultConfigurationIsVisible = 0;
		};
		4FF189C91C4FF58900A32991 /* Build configuration list for PBXNativeTarget "CollegeProfileTests" */ = {
			isa = XCConfigurationList;
			buildConfigurations = (
				4FF189CA1C4FF58900A32991 /* Debug */,
				4FF189CB1C4FF58900A32991 /* Release */,
			);
			defaultConfigurationIsVisible = 0;
		};
		4FF189CC1C4FF58900A32991 /* Build configuration list for PBXNativeTarget "CollegeProfileUITests" */ = {
			isa = XCConfigurationList;
			buildConfigurations = (
				4FF189CD1C4FF58900A32991 /* Debug */,
				4FF189CE1C4FF58900A32991 /* Release */,
			);
			defaultConfigurationIsVisible = 0;
		};
/* End XCConfigurationList section */
	};
	rootObject = 4FF189961C4FF58800A32991 /* Project object */;
}
